<Solution>
  <Folder Name="/src/">
    <Project Path="src/ExampleLib/ExampleLib.csproj" />
    <Project Path="src/Nexel.Lexer/Nexel.Lexer.csproj" />
  </Folder>
  <Folder Name="/tests/">
    <Project Path="tests/ExampleLib.UnitTests/ExampleLib.UnitTests.csproj" />
    <Project Path="tests/Nexel.Lexer.UnitTests/Nexel.Lexer.UnitTests.csproj" />
  </Folder>
</Solution>
